{
  "name": "miniprogram-1",
  "version": "1.0.0",
  "lockfileVersion": 1,
  "requires": true,
  "dependencies": {
    "@babel/runtime": {
      "version": "7.14.8",
      "resolved": "https://registry.nlark.com/@babel/runtime/download/@babel/runtime-7.14.8.tgz?cache=0&sync_timestamp=1626804296663&other_urls=https%3A%2F%2Fregistry.nlark.com%2F%40babel%2Fruntime%2Fdownload%2F%40babel%2Fruntime-7.14.8.tgz",
      "integrity": "sha1-cRmlb0IQGIUmlCkLn5FICXORtEY=",
      "requires": {
        "regenerator-runtime": "^0.13.4"
      }
    },
    "@types/acorn": {
      "version": "4.0.6",
      "resolved": "https://registry.nlark.com/@types/acorn/download/@types/acorn-4.0.6.tgz",
      "integrity": "sha1-1hylSAMArEGn2XPdW4TQpZEVSiI=",
      "requires": {
        "@types/estree": "*"
      }
    },
    "@types/estree": {
      "version": "0.0.41",
      "resolved": "https://registry.nlark.com/@types/estree/download/@types/estree-0.0.41.tgz?cache=0&sync_timestamp=1625600577081&other_urls=https%3A%2F%2Fregistry.nlark.com%2F%40types%2Festree%2Fdownload%2F%40types%2Festree-0.0.41.tgz",
      "integrity": "sha1-/ZB1QVC1dDK3K/VgUwUAWX/wRCE="
    },
    "@vant/weapp": {
      "version": "1.6.9",
      "resolved": "https://registry.nlark.com/@vant/weapp/download/@vant/weapp-1.6.9.tgz",
      "integrity": "sha1-9IQKYgffxRzUU025Ym9picfDVfQ="
    },
    "acorn": {
      "version": "7.4.1",
      "resolved": "https://registry.nlark.com/acorn/download/acorn-7.4.1.tgz?cache=0&sync_timestamp=1624526847094&other_urls=https%3A%2F%2Fregistry.nlark.com%2Facorn%2Fdownload%2Facorn-7.4.1.tgz",
      "integrity": "sha1-/q7SVZc9LndVW4PbwIhRpsY1IPo="
    },
    "base64-utf8": {
      "version": "0.1.8",
      "resolved": "https://registry.npm.taobao.org/base64-utf8/download/base64-utf8-0.1.8.tgz",
      "integrity": "sha1-ugPIq1lUaPrH3qcLgQuO5sDZo5E="
    },
    "eval5": {
      "version": "1.4.6",
      "resolved": "https://registry.nlark.com/eval5/download/eval5-1.4.6.tgz",
      "integrity": "sha1-2Uu5ELfFKq+kH1TMYEemlqkKsGU=",
      "requires": {
        "@babel/runtime": "^7.8.4",
        "@types/acorn": "^4.0.5",
        "@types/estree": "0.0.41",
        "acorn": "^7.1.0"
      }
    },
    "iny-bus": {
      "version": "2.0.0",
      "resolved": "https://registry.npm.taobao.org/iny-bus/download/iny-bus-2.0.0.tgz",
      "integrity": "sha1-dEuYVY6iNoysvf+o77DqKXHqGAs="
    },
    "lin-ui": {
      "version": "0.9.4",
      "resolved": "https://registry.npm.taobao.org/lin-ui/download/lin-ui-0.9.4.tgz",
      "integrity": "sha1-PzSWGAmqF11Jwy5CRPt9saRkGcw="
    },
    "regenerator-runtime": {
      "version": "0.13.7",
      "resolved": "https://registry.nlark.com/regenerator-runtime/download/regenerator-runtime-0.13.7.tgz",
      "integrity": "sha1-ysLazIoepnX+qrrriugziYrkb1U="
    },
    "umtrack-wx": {
      "version": "2.6.2",
      "resolved": "https://registry.npm.taobao.org/umtrack-wx/download/umtrack-wx-2.6.2.tgz",
      "integrity": "sha1-I4q+tnlkPtrd4qB2+telsA6nU7c="
    }
  }
}
